
Microsoft Visual Studio Solution File, Format Version 12.00
# Visual Studio Version 17
VisualStudioVersion = 17.11.35312.102
MinimumVisualStudioVersion = 10.0.40219.1
Project("{FAE04EC0-301F-11D3-BF4B-00C04F79EFBC}") = "GitHubTest", "GitHubTest\GitHubTest.csproj", "{CF3D10C4-8767-4031-A782-CBE5D14E3904}"
EndProject
Global
	GlobalSection(SolutionConfigurationPlatforms) = preSolution
		Debug|Any CPU = Debug|Any CPU
		Release|Any CPU = Release|Any CPU
	EndGlobalSection
	GlobalSection(ProjectConfigurationPlatforms) = postSolution
		{CF3D10C4-8767-4031-A782-CBE5D14E3904}.Debug|Any CPU.ActiveCfg = Debug|Any CPU
		{CF3D10C4-8767-4031-A782-CBE5D14E3904}.Debug|Any CPU.Build.0 = Debug|Any CPU
		{CF3D10C4-8767-4031-A782-CBE5D14E3904}.Release|Any CPU.ActiveCfg = Release|Any CPU
		{CF3D10C4-8767-4031-A782-CBE5D14E3904}.Release|Any CPU.Build.0 = Release|Any CPU
	EndGlobalSection
	GlobalSection(SolutionProperties) = preSolution
		HideSolutionNode = FALSE
	EndGlobalSection
	GlobalSection(ExtensibilityGlobals) = postSolution
		SolutionGuid = {BE6C5FFD-2181-41C8-868B-E07418E54CD6}
	EndGlobalSection
EndGlobal
